{
    "_readme": [
        "This file locks the dependencies of your project to a known state",
        "Read more about it at https://getcomposer.org/doc/01-basic-usage.md#composer-lock-the-lock-file",
        "This file is @generated automatically"
    ],
    "hash": "a6a9c83b73560b1a330aad93c278a463",
    "packages": [
        {
            "name": "bee4/events",
            "version": "v1.0.1",
            "source": {
                "type": "git",
                "url": "https://github.com/bee4/events.git",
                "reference": "88f29948224de43c6618fdd0fb1310b70a1625be"
            },
            "dist": {
                "type": "zip",
                "url": "https://api.github.com/repos/bee4/events/zipball/88f29948224de43c6618fdd0fb1310b70a1625be",
                "reference": "88f29948224de43c6618fdd0fb1310b70a1625be",
                "shasum": ""
            },
            "require": {
                "php": ">=5.4.0"
            },
            "require-dev": {
                "evenement/evenement": "~2.0.0",
                "phpunit/phpunit": "~4.3",
                "symfony/event-dispatcher": "~2.5"
            },
            "suggest": {
                "evenement/evenement": "Required if using Événement dispatcher adapter",
                "symfony/event-dispatcher": "Required if using Symfony dispatcher adapter"
            },
            "type": "library",
            "autoload": {
                "psr-4": {
                    "Bee4\\Events\\": "src"
                }
            },
            "notification-url": "https://packagist.org/downloads/",
            "license": [
                "Apache-2.0"
            ],
            "authors": [
                {
                    "name": "Stephane HULARD",
                    "email": "s.hulard@chstudio.fr"
                }
            ],
            "description": "Basic event dispatcher definition, to allow a project to allow to manage events",
            "time": "2015-06-15 10:33:48"
        }
    ],
    "packages-dev": [],
    "aliases": [],
    "minimum-stability": "stable",
    "stability-flags": [],
    "prefer-stable": false,
    "prefer-lowest": false,
    "platform": {
        "php": ">=5.4.0",
        "ext-curl": "*"
    },
    "platform-dev": []
}
